{
  "nodes": {
    "agenix": {
      "inputs": {
        "nixpkgs": [
          "latest"
        ]
      },
      "locked": {
        "lastModified": 1620877075,
        "narHash": "sha256-XvgTqtmQZHegu9UMDSR50gK5cHEM2gbnRH0qecmdN54=",
        "owner": "ryantm",
        "repo": "agenix",
        "rev": "e543aa7d68f222e1e771165da9e9a64b5bf7b3e3",
        "type": "github"
      },
      "original": {
        "owner": "ryantm",
        "repo": "agenix",
        "type": "github"
      }
    },
    "bud": {
      "inputs": {
        "devshell": "devshell",
        "nixpkgs": "nixpkgs"
      },
      "locked": {
        "lastModified": 1625703505,
        "narHash": "sha256-PNtHOR5wp3R/cysCHTIFcxCHHuisljbrS6iNyP/Ivfk=",
        "owner": "divnix",
        "repo": "bud",
        "rev": "baefc56e5819375736b51e93df9e2154a120ea3d",
        "type": "github"
      },
      "original": {
        "owner": "divnix",
        "repo": "bud",
        "type": "github"
      }
    },
    "ci-agent": {
      "inputs": {
        "flake-compat": "flake-compat",
        "nix-darwin": [
          "darwin"
        ],
        "nixos-20_09": [
          "nixos"
        ],
        "nixos-unstable": [
          "latest"
        ],
        "pre-commit-hooks-nix": "pre-commit-hooks-nix"
      },
      "locked": {
        "lastModified": 1624885917,
        "narHash": "sha256-CaAEhMKzuTyN9krTLZ1jWW3C5HzvKRZY/doVOezZZx0=",
        "owner": "hercules-ci",
        "repo": "hercules-ci-agent",
        "rev": "5eba6597af97e358542c6f968f6ef680ffd2a401",
        "type": "github"
      },
      "original": {
        "owner": "hercules-ci",
        "repo": "hercules-ci-agent",
        "type": "github"
      }
    },
    "darwin": {
      "inputs": {
        "nixpkgs": [
          "latest"
        ]
      },
      "locked": {
        "lastModified": 1622060422,
        "narHash": "sha256-hPVlvrAyf6zL7tTx0lpK+tMxEfZeMiIZ/A2xaJ41WOY=",
        "owner": "LnL7",
        "repo": "nix-darwin",
        "rev": "007d700e644ac588ad6668e6439950a5b6e2ff64",
        "type": "github"
      },
      "original": {
        "owner": "LnL7",
        "repo": "nix-darwin",
        "type": "github"
      }
    },
    "deploy": {
      "inputs": {
        "flake-compat": "flake-compat_2",
        "naersk": "naersk",
        "nixpkgs": [
          "nixos"
        ],
        "utils": "utils"
      },
      "locked": {
        "lastModified": 1625248509,
        "narHash": "sha256-G721I9brAMCkZKXIFsgOQ1JCZ9Rj9DM7QSm0pvpQldc=",
        "owner": "serokell",
        "repo": "deploy-rs",
        "rev": "364ef202e400e4c941e18833ca38fa848ac5a148",
        "type": "github"
      },
      "original": {
        "owner": "serokell",
        "repo": "deploy-rs",
        "type": "github"
      }
    },
    "devshell": {
      "locked": {
        "lastModified": 1625086391,
        "narHash": "sha256-IpNPv1v8s4L3CoxhwcgZIitGpcrnNgnj09X7TA0QV3k=",
        "owner": "numtide",
        "repo": "devshell",
        "rev": "4b5ac7cf7d9a1cc60b965bb51b59922f2210cbc7",
        "type": "github"
      },
      "original": {
        "owner": "numtide",
        "repo": "devshell",
        "type": "github"
      }
    },
    "devshell_2": {
      "locked": {
        "lastModified": 1625086391,
        "narHash": "sha256-IpNPv1v8s4L3CoxhwcgZIitGpcrnNgnj09X7TA0QV3k=",
        "owner": "numtide",
        "repo": "devshell",
        "rev": "4b5ac7cf7d9a1cc60b965bb51b59922f2210cbc7",
        "type": "github"
      },
      "original": {
        "owner": "numtide",
        "repo": "devshell",
        "type": "github"
      }
    },
    "digga": {
      "inputs": {
        "deploy": [
          "deploy"
        ],
        "devshell": "devshell_2",
        "nixlib": "nixlib",
        "nixos-generators": "nixos-generators",
        "nixpkgs": "nixpkgs_2",
        "utils": "utils_2"
      },
      "locked": {
        "lastModified": 1625701039,
        "narHash": "sha256-4IqBKop1XmS2z7Y5nsf8Af4wSCYJfy4kXUt/zgPwhSU=",
        "owner": "divnix",
        "repo": "digga",
        "rev": "05ee310fdfa81b1a8ecc7a8075d62ed702d72430",
        "type": "github"
      },
      "original": {
        "owner": "divnix",
        "ref": "develop",
        "repo": "digga",
        "type": "github"
      }
    },
    "flake-compat": {
      "flake": false,
      "locked": {
        "lastModified": 1606424373,
        "narHash": "sha256-oq8d4//CJOrVj+EcOaSXvMebvuTkmBJuT5tzlfewUnQ=",
        "owner": "edolstra",
        "repo": "flake-compat",
        "rev": "99f1c2157fba4bfe6211a321fd0ee43199025dbf",
        "type": "github"
      },
      "original": {
        "owner": "edolstra",
        "repo": "flake-compat",
        "type": "github"
      }
    },
    "flake-compat_2": {
      "flake": false,
      "locked": {
        "lastModified": 1606424373,
        "narHash": "sha256-oq8d4//CJOrVj+EcOaSXvMebvuTkmBJuT5tzlfewUnQ=",
        "owner": "edolstra",
        "repo": "flake-compat",
        "rev": "99f1c2157fba4bfe6211a321fd0ee43199025dbf",
        "type": "github"
      },
      "original": {
        "owner": "edolstra",
        "repo": "flake-compat",
        "type": "github"
      }
    },
    "flake-compat_3": {
      "flake": false,
      "locked": {
        "lastModified": 1606424373,
        "narHash": "sha256-oq8d4//CJOrVj+EcOaSXvMebvuTkmBJuT5tzlfewUnQ=",
        "owner": "edolstra",
        "repo": "flake-compat",
        "rev": "99f1c2157fba4bfe6211a321fd0ee43199025dbf",
        "type": "github"
      },
      "original": {
        "owner": "edolstra",
        "repo": "flake-compat",
        "type": "github"
      }
    },
    "flake-utils": {
      "locked": {
        "lastModified": 1623660459,
        "narHash": "sha256-OTmOsh43po7r5F9s9H6lVCBQ2b0FikWbmiwLbMAGRdw=",
        "owner": "numtide",
        "repo": "flake-utils",
        "rev": "98c8d36b1828009b20f12544214683c7489935a1",
        "type": "github"
      },
      "original": {
        "owner": "numtide",
        "repo": "flake-utils",
        "type": "github"
      }
    },
    "flake-utils_2": {
      "locked": {
        "lastModified": 1620759905,
        "narHash": "sha256-WiyWawrgmyN0EdmiHyG2V+fqReiVi8bM9cRdMaKQOFg=",
        "owner": "numtide",
        "repo": "flake-utils",
        "rev": "b543720b25df6ffdfcf9227afafc5b8c1fabfae8",
        "type": "github"
      },
      "original": {
        "owner": "numtide",
        "repo": "flake-utils",
        "type": "github"
      }
    },
    "home": {
      "inputs": {
        "nixpkgs": [
          "nixos"
        ]
      },
      "locked": {
        "lastModified": 1624228557,
        "narHash": "sha256-wwOqe73BsrXfRv1PhyXQFNC8iTET50KvE/HitdkRgxs=",
        "owner": "nix-community",
        "repo": "home-manager",
        "rev": "35a24648d155843a4d162de98c17b1afd5db51e4",
        "type": "github"
      },
      "original": {
        "owner": "nix-community",
        "ref": "release-21.05",
        "repo": "home-manager",
        "type": "github"
      }
    },
    "latest": {
      "locked": {
        "lastModified": 1625702968,
        "narHash": "sha256-MadGtaIuPvTh9JLZULkQerZae8TFBczg8c12AijZc+s=",
        "owner": "NixOS",
        "repo": "nixpkgs",
        "rev": "46c8ac79dbc9a4bcb7db4592d4708fb009284e13",
        "type": "github"
      },
      "original": {
        "id": "nixpkgs",
        "type": "indirect"
      }
    },
    "naersk": {
      "inputs": {
        "nixpkgs": [
          "deploy",
          "nixpkgs"
        ]
      },
      "locked": {
        "lastModified": 1622810282,
        "narHash": "sha256-4wmvM3/xfD0hCdNDIXVzRMfL4yB1J+DjH6Zte2xbAxk=",
        "owner": "nmattia",
        "repo": "naersk",
        "rev": "e8061169e1495871b56be97c5c51d310fae01374",
        "type": "github"
      },
      "original": {
        "owner": "nmattia",
        "ref": "master",
        "repo": "naersk",
        "type": "github"
      }
    },
    "nixlib": {
      "locked": {
        "lastModified": 1620519687,
        "narHash": "sha256-+6Dd72b2CASuXm2W7KRxZIE7AOy/dj4mU28vaF+zxcs=",
        "owner": "divnix",
        "repo": "nixpkgs.lib",
        "rev": "c7b6169809c5f74dd0c34f3d69e9d12ba4d448de",
        "type": "github"
      },
      "original": {
        "owner": "divnix",
        "repo": "nixpkgs.lib",
        "type": "github"
      }
    },
    "nixos": {
      "locked": {
        "lastModified": 1625702791,
        "narHash": "sha256-3aiSEfGaBwi1mumzfSgwiO3kxGD+IHe9HAv3S227KI8=",
        "owner": "NixOS",
        "repo": "nixpkgs",
        "rev": "977b522d3101ad847fd51d695b817fe2cf8efaf6",
        "type": "github"
      },
      "original": {
        "id": "nixpkgs",
        "ref": "release-21.05",
        "type": "indirect"
      }
    },
    "nixos-generators": {
      "inputs": {
        "nixpkgs": [
          "digga",
          "nixpkgs"
        ]
      },
      "locked": {
        "lastModified": 1624117213,
        "narHash": "sha256-hAoBANafVdM/+8Z6PrlPEKPN6LrdkM4qg2Q/ji0XUns=",
        "owner": "nix-community",
        "repo": "nixos-generators",
        "rev": "c64d3c2153274a6ab355e57f5eedfe6f85073d24",
        "type": "github"
      },
      "original": {
        "owner": "nix-community",
        "repo": "nixos-generators",
        "type": "github"
      }
    },
    "nixos-hardware": {
      "locked": {
        "lastModified": 1625333638,
        "narHash": "sha256-M6J9RN60XJyv6nUfDFCwnz5aVjhe8+GJnV8Q9VpdQQQ=",
        "owner": "nixos",
        "repo": "nixos-hardware",
        "rev": "41775780a0b6b32b3d32dcc32bb9bc6df809062d",
        "type": "github"
      },
      "original": {
        "owner": "nixos",
        "repo": "nixos-hardware",
        "type": "github"
      }
    },
    "nixpkgs": {
      "locked": {
        "lastModified": 1624831744,
        "narHash": "sha256-gGSxxnWnXRALLKfStsG3C4X+XUzAkHlKx02xHzkGZio=",
        "owner": "NixOS",
        "repo": "nixpkgs",
        "rev": "dbf5cd2d90cbf8b281c1938632b431d1e61d3249",
        "type": "github"
      },
      "original": {
        "id": "nixpkgs",
        "type": "indirect"
      }
    },
    "nixpkgs_2": {
      "locked": {
        "lastModified": 1624148921,
        "narHash": "sha256-FAhKTXZV67C36hK5lPvZfsFt+QY1QSHYQXwGXqpOChs=",
        "owner": "nixos",
        "repo": "nixpkgs",
        "rev": "f2122ea5815648effdd97157c7bf4e9a1a6dbb34",
        "type": "github"
      },
      "original": {
        "owner": "nixos",
        "repo": "nixpkgs",
        "type": "github"
      }
    },
    "nur": {
      "locked": {
        "lastModified": 1625695235,
        "narHash": "sha256-xJ8jHWkX7IyAImQ8MpWTbUonski38R4bWDNs8pJJzpk=",
        "owner": "nix-community",
        "repo": "NUR",
        "rev": "9e2254aee0cce4b05f27447e51c001ab66aed7e0",
        "type": "github"
      },
      "original": {
        "id": "nur",
        "type": "indirect"
      }
    },
    "nvfetcher": {
      "inputs": {
        "flake-compat": "flake-compat_3",
        "flake-utils": "flake-utils_2",
        "nixpkgs": [
          "latest"
        ]
      },
      "locked": {
        "lastModified": 1624890984,
        "narHash": "sha256-RMQtTm4OoEc8BHWk4/Yfu1y4uHlG4HCP+DeC0J0zGqQ=",
        "owner": "berberman",
        "repo": "nvfetcher",
        "rev": "d3efa8c58057dbcc1565dca3105d31d9f25fd5ca",
        "type": "github"
      },
      "original": {
        "owner": "berberman",
        "repo": "nvfetcher",
        "type": "github"
      }
    },
    "pre-commit-hooks-nix": {
      "flake": false,
      "locked": {
        "lastModified": 1622650193,
        "narHash": "sha256-qSzUpJDv04ajS9FXoCq6NjVF3qOt9IiGIiGh0P8amyw=",
        "owner": "cachix",
        "repo": "pre-commit-hooks.nix",
        "rev": "0398f0649e0a741660ac5e8216760bae5cc78579",
        "type": "github"
      },
      "original": {
        "owner": "cachix",
        "repo": "pre-commit-hooks.nix",
        "type": "github"
      }
    },
    "root": {
      "inputs": {
        "agenix": "agenix",
        "bud": "bud",
        "ci-agent": "ci-agent",
        "darwin": "darwin",
        "deploy": "deploy",
        "digga": "digga",
        "home": "home",
        "latest": "latest",
        "nixos": "nixos",
        "nixos-hardware": "nixos-hardware",
        "nixpkgs": [
          "nixos"
        ],
        "nur": "nur",
        "nvfetcher": "nvfetcher"
      }
    },
    "utils": {
      "locked": {
        "lastModified": 1622445595,
        "narHash": "sha256-m+JRe6Wc5OZ/mKw2bB3+Tl0ZbtyxxxfnAWln8Q5qs+Y=",
        "owner": "numtide",
        "repo": "flake-utils",
        "rev": "7d706970d94bc5559077eb1a6600afddcd25a7c8",
        "type": "github"
      },
      "original": {
        "owner": "numtide",
        "repo": "flake-utils",
        "type": "github"
      }
    },
    "utils_2": {
      "inputs": {
        "flake-utils": "flake-utils"
      },
      "locked": {
        "lastModified": 1624128793,
        "narHash": "sha256-yZYvpT6i6iRK0x1a8k/LCoS7JGLVk6Yi1eqfhatnDLk=",
        "owner": "gytis-ivaskevicius",
        "repo": "flake-utils-plus",
        "rev": "785e6f13b8c6131d1eee625a713e8475b2b0512b",
        "type": "github"
      },
      "original": {
        "owner": "gytis-ivaskevicius",
        "ref": "staging",
        "repo": "flake-utils-plus",
        "type": "github"
      }
    }
  },
  "root": "root",
  "version": 7
}
