{
  "nodes": {
    "nixpkgs": {
      "locked": {
        "lastModified": 1615926763,
        "narHash": "sha256-yeq8A3EPNuQVlsxlEQrIRsklfJwJK0Us6jtcG/u8wNs=",
        "owner": "NixOS",
        "repo": "nixpkgs",
        "rev": "b702a56d417647de4090ac56c0f18bdc7e646610",
        "type": "github"
      },
      "original": {
        "id": "nixpkgs",
        "type": "indirect"
      }
    },
    "root": {
      "inputs": {
        "nixpkgs": "nixpkgs"
      }
    }
  },
  "root": "root",
  "version": 7
}
